
Microsoft Visual Studio Solution File, Format Version 12.00
# Visual Studio Version 16
VisualStudioVersion = 16.0.31729.503
MinimumVisualStudioVersion = 10.0.40219.1
Project("{FAE04EC0-301F-11D3-BF4B-00C04F79EFBC}") = "BowlingGame", "BowlingGame\BowlingGame.csproj", "{61674AB4-4FAC-4344-8250-CDDB1F43DC0B}"
EndProject
Project("{FAE04EC0-301F-11D3-BF4B-00C04F79EFBC}") = "BowlingGameTests", "BowlingGameTests\BowlingGameTests.csproj", "{2D973552-8E8B-42EA-B0BC-2798685AB98E}"
EndProject
Global
	GlobalSection(SolutionConfigurationPlatforms) = preSolution
		Debug|Any CPU = Debug|Any CPU
		Release|Any CPU = Release|Any CPU
	EndGlobalSection
	GlobalSection(ProjectConfigurationPlatforms) = postSolution
		{61674AB4-4FAC-4344-8250-CDDB1F43DC0B}.Debug|Any CPU.ActiveCfg = Debug|Any CPU
		{61674AB4-4FAC-4344-8250-CDDB1F43DC0B}.Debug|Any CPU.Build.0 = Debug|Any CPU
		{61674AB4-4FAC-4344-8250-CDDB1F43DC0B}.Release|Any CPU.ActiveCfg = Release|Any CPU
		{61674AB4-4FAC-4344-8250-CDDB1F43DC0B}.Release|Any CPU.Build.0 = Release|Any CPU
		{2D973552-8E8B-42EA-B0BC-2798685AB98E}.Debug|Any CPU.ActiveCfg = Debug|Any CPU
		{2D973552-8E8B-42EA-B0BC-2798685AB98E}.Debug|Any CPU.Build.0 = Debug|Any CPU
		{2D973552-8E8B-42EA-B0BC-2798685AB98E}.Release|Any CPU.ActiveCfg = Release|Any CPU
		{2D973552-8E8B-42EA-B0BC-2798685AB98E}.Release|Any CPU.Build.0 = Release|Any CPU
	EndGlobalSection
	GlobalSection(SolutionProperties) = preSolution
		HideSolutionNode = FALSE
	EndGlobalSection
	GlobalSection(ExtensibilityGlobals) = postSolution
		SolutionGuid = {686562CD-F312-468F-8B4F-9D1C2D643C5B}
	EndGlobalSection
EndGlobal
